// !$*UTF8*$!
{
	archiveVersion = 1;
	classes = {
	};
	objectVersion = 50;
	objects = {

/* Begin PBXBuildFile section */
		044177C0299B85BA0086F7DB /* AppDelegate.swift in Sources */ = {isa = PBXBuildFile; fileRef = 044177BF299B85BA0086F7DB /* AppDelegate.swift */; };
		044177C2299B85BA0086F7DB /* SceneDelegate.swift in Sources */ = {isa = PBXBuildFile; fileRef = 044177C1299B85BA0086F7DB /* SceneDelegate.swift */; };
		044177C4299B85BA0086F7DB /* ViewController.swift in Sources */ = {isa = PBXBuildFile; fileRef = 044177C3299B85BA0086F7DB /* ViewController.swift */; };
		044177C7299B85BA0086F7DB /* Main.storyboard in Resources */ = {isa = PBXBuildFile; fileRef = 044177C5299B85BA0086F7DB /* Main.storyboard */; };
		044177C9299B85BF0086F7DB /* Assets.xcassets in Resources */ = {isa = PBXBuildFile; fileRef = 044177C8299B85BF0086F7DB /* Assets.xcassets */; };
		044177CC299B85BF0086F7DB /* LaunchScreen.storyboard in Resources */ = {isa = PBXBuildFile; fileRef = 044177CA299B85BF0086F7DB /* LaunchScreen.storyboard */; };
		04A8D755299D0FF30035E1E2 /* CurrentDateVC.swift in Sources */ = {isa = PBXBuildFile; fileRef = 04A8D754299D0FF30035E1E2 /* CurrentDateVC.swift */; };
/* End PBXBuildFile section */

/* Begin PBXFileReference section */
		044177BC299B85BA0086F7DB /* M4ASS14.app */ = {isa = PBXFileReference; explicitFileType = wrapper.application; includeInIndex = 0; path = M4ASS14.app; sourceTree = BUILT_PRODUCTS_DIR; };
		044177BF299B85BA0086F7DB /* AppDelegate.swift */ = {isa = PBXFileReference; lastKnownFileType = sourcecode.swift; path = AppDelegate.swift; sourceTree = "<group>"; };
		044177C1299B85BA0086F7DB /* SceneDelegate.swift */ = {isa = PBXFileReference; lastKnownFileType = sourcecode.swift; path = SceneDelegate.swift; sourceTree = "<group>"; };
		044177C3299B85BA0086F7DB /* ViewController.swift */ = {isa = PBXFileReference; lastKnownFileType = sourcecode.swift; path = ViewController.swift; sourceTree = "<group>"; };
		044177C6299B85BA0086F7DB /* Base */ = {isa = PBXFileReference; lastKnownFileType = file.storyboard; name = Base; path = Base.lproj/Main.storyboard; sourceTree = "<group>"; };
		044177C8299B85BF0086F7DB /* Assets.xcassets */ = {isa = PBXFileReference; lastKnownFileType = folder.assetcatalog; path = Assets.xcassets; sourceTree = "<group>"; };
		044177CB299B85BF0086F7DB /* Base */ = {isa = PBXFileReference; lastKnownFileType = file.storyboard; name = Base; path = Base.lproj/LaunchScreen.storyboard; sourceTree = "<group>"; };
		044177CD299B85BF0086F7DB /* Info.plist */ = {isa = PBXFileReference; lastKnownFileType = text.plist.xml; path = Info.plist; sourceTree = "<group>"; };
		04A8D754299D0FF30035E1E2 /* CurrentDateVC.swift */ = {isa = PBXFileReference; lastKnownFileType = sourcecode.swift; path = CurrentDateVC.swift; sourceTree = "<group>"; };
/* End PBXFileReference section */

/* Begin PBXFrameworksBuildPhase section */
		044177B9299B85BA0086F7DB /* Frameworks */ = {
			isa = PBXFrameworksBuildPhase;
			buildActionMask = 2147483647;
			files = (
			);
			runOnlyForDeploymentPostprocessing = 0;
		};
/* End PBXFrameworksBuildPhase section */

/* Begin PBXGroup section */
		044177B3299B85BA0086F7DB = {
			isa = PBXGroup;
			children = (
				044177BE299B85BA0086F7DB /* M4ASS14 */,
				044177BD299B85BA0086F7DB /* Products */,
			);
			sourceTree = "<group>";
		};
		044177BD299B85BA0086F7DB /* Products */ = {
			isa = PBXGroup;
			children = (
				044177BC299B85BA0086F7DB /* M4ASS14.app */,
			);
			name = Products;
			sourceTree = "<group>";
		};
		044177BE299B85BA0086F7DB /* M4ASS14 */ = {
			isa = PBXGroup;
			children = (
				044177BF299B85BA0086F7DB /* AppDelegate.swift */,
				044177C1299B85BA0086F7DB /* SceneDelegate.swift */,
				044177C3299B85BA0086F7DB /* ViewController.swift */,
				044177C5299B85BA0086F7DB /* Main.storyboard */,
				044177C8299B85BF0086F7DB /* Assets.xcassets */,
				044177CA299B85BF0086F7DB /* LaunchScreen.storyboard */,
				044177CD299B85BF0086F7DB /* Info.plist */,
				04A8D754299D0FF30035E1E2 /* CurrentDateVC.swift */,
			);
			path = M4ASS14;
			sourceTree = "<group>";
		};
/* End PBXGroup section */

/* Begin PBXNativeTarget section */
		044177BB299B85BA0086F7DB /* M4ASS14 */ = {
			isa = PBXNativeTarget;
			buildConfigurationList = 044177D0299B85BF0086F7DB /* Build configuration list for PBXNativeTarget "M4ASS14" */;
			buildPhases = (
				044177B8299B85BA0086F7DB /* Sources */,
				044177B9299B85BA0086F7DB /* Frameworks */,
				044177BA299B85BA0086F7DB /* Resources */,
			);
			buildRules = (
			);
			dependencies = (
			);
			name = M4ASS14;
			productName = M4ASS14;
			productReference = 044177BC299B85BA0086F7DB /* M4ASS14.app */;
			productType = "com.apple.product-type.application";
		};
/* End PBXNativeTarget section */

/* Begin PBXProject section */
		044177B4299B85BA0086F7DB /* Project object */ = {
			isa = PBXProject;
			attributes = {
				LastSwiftUpdateCheck = 1240;
				LastUpgradeCheck = 1240;
				TargetAttributes = {
					044177BB299B85BA0086F7DB = {
						CreatedOnToolsVersion = 12.4;
					};
				};
			};
			buildConfigurationList = 044177B7299B85BA0086F7DB /* Build configuration list for PBXProject "M4ASS14" */;
			compatibilityVersion = "Xcode 9.3";
			developmentRegion = en;
			hasScannedForEncodings = 0;
			knownRegions = (
				en,
				Base,
			);
			mainGroup = 044177B3299B85BA0086F7DB;
			productRefGroup = 044177BD299B85BA0086F7DB /* Products */;
			projectDirPath = "";
			projectRoot = "";
			targets = (
				044177BB299B85BA0086F7DB /* M4ASS14 */,
			);
		};
/* End PBXProject section */

/* Begin PBXResourcesBuildPhase section */
		044177BA299B85BA0086F7DB /* Resources */ = {
			isa = PBXResourcesBuildPhase;
			buildActionMask = 2147483647;
			files = (
				044177CC299B85BF0086F7DB /* LaunchScreen.storyboard in Resources */,
				044177C9299B85BF0086F7DB /* Assets.xcassets in Resources */,
				044177C7299B85BA0086F7DB /* Main.storyboard in Resources */,
			);
			runOnlyForDeploymentPostprocessing = 0;
		};
/* End PBXResourcesBuildPhase section */

/* Begin PBXSourcesBuildPhase section */
		044177B8299B85BA0086F7DB /* Sources */ = {
			isa = PBXSourcesBuildPhase;
			buildActionMask = 2147483647;
			files = (
				04A8D755299D0FF30035E1E2 /* CurrentDateVC.swift in Sources */,
				044177C4299B85BA0086F7DB /* ViewController.swift in Sources */,
				044177C0299B85BA0086F7DB /* AppDelegate.swift in Sources */,
				044177C2299B85BA0086F7DB /* SceneDelegate.swift in Sources */,
			);
			runOnlyForDeploymentPostprocessing = 0;
		};
/* End PBXSourcesBuildPhase section */

/* Begin PBXVariantGroup section */
		044177C5299B85BA0086F7DB /* Main.storyboard */ = {
			isa = PBXVariantGroup;
			children = (
				044177C6299B85BA0086F7DB /* Base */,
			);
			name = Main.storyboard;
			sourceTree = "<group>";
		};
		044177CA299B85BF0086F7DB /* LaunchScreen.storyboard */ = {
			isa = PBXVariantGroup;
			children = (
				044177CB299B85BF0086F7DB /* Base */,
			);
			name = LaunchScreen.storyboard;
			sourceTree = "<group>";
		};
/* End PBXVariantGroup section */

/* Begin XCBuildConfiguration section */
		044177CE299B85BF0086F7DB /* Debug */ = {
			isa = XCBuildConfiguration;
			buildSettings = {
				ALWAYS_SEARCH_USER_PATHS = NO;
				CLANG_ANALYZER_NONNULL = YES;
				CLANG_ANALYZER_NUMBER_OBJECT_CONVERSION = YES_AGGRESSIVE;
				CLANG_CXX_LANGUAGE_STANDARD = "gnu++14";
				CLANG_CXX_LIBRARY = "libc++";
				CLANG_ENABLE_MODULES = YES;
				CLANG_ENABLE_OBJC_ARC = YES;
				CLANG_ENABLE_OBJC_WEAK = YES;
				CLANG_WARN_BLOCK_CAPTURE_AUTORELEASING = YES;
				CLANG_WARN_BOOL_CONVERSION = YES;
				CLANG_WARN_COMMA = YES;
				CLANG_WARN_CONSTANT_CONVERSION = YES;
				CLANG_WARN_DEPRECATED_OBJC_IMPLEMENTATIONS = YES;
				CLANG_WARN_DIRECT_OBJC_ISA_USAGE = YES_ERROR;
				CLANG_WARN_DOCUMENTATION_COMMENTS = YES;
				CLANG_WARN_EMPTY_BODY = YES;
				CLANG_WARN_ENUM_CONVERSION = YES;
				CLANG_WARN_INFINITE_RECURSION = YES;
				CLANG_WARN_INT_CONVERSION = YES;
				CLANG_WARN_NON_LITERAL_NULL_CONVERSION = YES;
				CLANG_WARN_OBJC_IMPLICIT_RETAIN_SELF = YES;
				CLANG_WARN_OBJC_LITERAL_CONVERSION = YES;
				CLANG_WARN_OBJC_ROOT_CLASS = YES_ERROR;
				CLANG_WARN_QUOTED_INCLUDE_IN_FRAMEWORK_HEADER = YES;
				CLANG_WARN_RANGE_LOOP_ANALYSIS = YES;
				CLANG_WARN_STRICT_PROTOTYPES = YES;
				CLANG_WARN_SUSPICIOUS_MOVE = YES;
				CLANG_WARN_UNGUARDED_AVAILABILITY = YES_AGGRESSIVE;
				CLANG_WARN_UNREACHABLE_CODE = YES;
				CLANG_WARN__DUPLICATE_METHOD_MATCH = YES;
				COPY_PHASE_STRIP = NO;
				DEBUG_INFORMATION_FORMAT = dwarf;
				ENABLE_STRICT_OBJC_MSGSEND = YES;
				ENABLE_TESTABILITY = YES;
				GCC_C_LANGUAGE_STANDARD = gnu11;
				GCC_DYNAMIC_NO_PIC = NO;
				GCC_NO_COMMON_BLOCKS = YES;
				GCC_OPTIMIZATION_LEVEL = 0;
				GCC_PREPROCESSOR_DEFINITIONS = (
					"DEBUG=1",
					"$(inherited)",
				);
				GCC_WARN_64_TO_32_BIT_CONVERSION = YES;
				GCC_WARN_ABOUT_RETURN_TYPE = YES_ERROR;
				GCC_WARN_UNDECLARED_SELECTOR = YES;
				GCC_WARN_UNINITIALIZED_AUTOS = YES_AGGRESSIVE;
				GCC_WARN_UNUSED_FUNCTION = YES;
				GCC_WARN_UNUSED_VARIABLE = YES;
				IPHONEOS_DEPLOYMENT_TARGET = 14.4;
				MTL_ENABLE_DEBUG_INFO = INCLUDE_SOURCE;
				MTL_FAST_MATH = YES;
				ONLY_ACTIVE_ARCH = YES;
				SDKROOT = iphoneos;
				SWIFT_ACTIVE_COMPILATION_CONDITIONS = DEBUG;
				SWIFT_OPTIMIZATION_LEVEL = "-Onone";
			};
			name = Debug;
		};
		044177CF299B85BF0086F7DB /* Release */ = {
			isa = XCBuildConfiguration;
			buildSettings = {
				ALWAYS_SEARCH_USER_PATHS = NO;
				CLANG_ANALYZER_NONNULL = YES;
				CLANG_ANALYZER_NUMBER_OBJECT_CONVERSION = YES_AGGRESSIVE;
				CLANG_CXX_LANGUAGE_STANDARD = "gnu++14";
				CLANG_CXX_LIBRARY = "libc++";
				CLANG_ENABLE_MODULES = YES;
				CLANG_ENABLE_OBJC_ARC = YES;
				CLANG_ENABLE_OBJC_WEAK = YES;
				CLANG_WARN_BLOCK_CAPTURE_AUTORELEASING = YES;
				CLANG_WARN_BOOL_CONVERSION = YES;
				CLANG_WARN_COMMA = YES;
				CLANG_WARN_CONSTANT_CONVERSION = YES;
				CLANG_WARN_DEPRECATED_OBJC_IMPLEMENTATIONS = YES;
				CLANG_WARN_DIRECT_OBJC_ISA_USAGE = YES_ERROR;
				CLANG_WARN_DOCUMENTATION_COMMENTS = YES;
				CLANG_WARN_EMPTY_BODY = YES;
				CLANG_WARN_ENUM_CONVERSION = YES;
				CLANG_WARN_INFINITE_RECURSION = YES;
				CLANG_WARN_INT_CONVERSION = YES;
				CLANG_WARN_NON_LITERAL_NULL_CONVERSION = YES;
				CLANG_WARN_OBJC_IMPLICIT_RETAIN_SELF = YES;
				CLANG_WARN_OBJC_LITERAL_CONVERSION = YES;
				CLANG_WARN_OBJC_ROOT_CLASS = YES_ERROR;
				CLANG_WARN_QUOTED_INCLUDE_IN_FRAMEWORK_HEADER = YES;
				CLANG_WARN_RANGE_LOOP_ANALYSIS = YES;
				CLANG_WARN_STRICT_PROTOTYPES = YES;
				CLANG_WARN_SUSPICIOUS_MOVE = YES;
				CLANG_WARN_UNGUARDED_AVAILABILITY = YES_AGGRESSIVE;
				CLANG_WARN_UNREACHABLE_CODE = YES;
				CLANG_WARN__DUPLICATE_METHOD_MATCH = YES;
				COPY_PHASE_STRIP = NO;
				DEBUG_INFORMATION_FORMAT = "dwarf-with-dsym";
				ENABLE_NS_ASSERTIONS = NO;
				ENABLE_STRICT_OBJC_MSGSEND = YES;
				GCC_C_LANGUAGE_STANDARD = gnu11;
				GCC_NO_COMMON_BLOCKS = YES;
				GCC_WARN_64_TO_32_BIT_CONVERSION = YES;
				GCC_WARN_ABOUT_RETURN_TYPE = YES_ERROR;
				GCC_WARN_UNDECLARED_SELECTOR = YES;
				GCC_WARN_UNINITIALIZED_AUTOS = YES_AGGRESSIVE;
				GCC_WARN_UNUSED_FUNCTION = YES;
				GCC_WARN_UNUSED_VARIABLE = YES;
				IPHONEOS_DEPLOYMENT_TARGET = 14.4;
				MTL_ENABLE_DEBUG_INFO = NO;
				MTL_FAST_MATH = YES;
				SDKROOT = iphoneos;
				SWIFT_COMPILATION_MODE = wholemodule;
				SWIFT_OPTIMIZATION_LEVEL = "-O";
				VALIDATE_PRODUCT = YES;
			};
			name = Release;
		};
		044177D1299B85BF0086F7DB /* Debug */ = {
			isa = XCBuildConfiguration;
			buildSettings = {
				ASSETCATALOG_COMPILER_APPICON_NAME = AppIcon;
				ASSETCATALOG_COMPILER_GLOBAL_ACCENT_COLOR_NAME = AccentColor;
				CODE_SIGN_STYLE = Automatic;
				INFOPLIST_FILE = M4ASS14/Info.plist;
				LD_RUNPATH_SEARCH_PATHS = (
					"$(inherited)",
					"@executable_path/Frameworks",
				);
				PRODUCT_BUNDLE_IDENTIFIER = Rutvij.M4ASS14;
				PRODUCT_NAME = "$(TARGET_NAME)";
				SWIFT_VERSION = 5.0;
				TARGETED_DEVICE_FAMILY = "1,2";
			};
			name = Debug;
		};
		044177D2299B85BF0086F7DB /* Release */ = {
			isa = XCBuildConfiguration;
			buildSettings = {
				ASSETCATALOG_COMPILER_APPICON_NAME = AppIcon;
				ASSETCATALOG_COMPILER_GLOBAL_ACCENT_COLOR_NAME = AccentColor;
				CODE_SIGN_STYLE = Automatic;
				INFOPLIST_FILE = M4ASS14/Info.plist;
				LD_RUNPATH_SEARCH_PATHS = (
					"$(inherited)",
					"@executable_path/Frameworks",
				);
				PRODUCT_BUNDLE_IDENTIFIER = Rutvij.M4ASS14;
				PRODUCT_NAME = "$(TARGET_NAME)";
				SWIFT_VERSION = 5.0;
				TARGETED_DEVICE_FAMILY = "1,2";
			};
			name = Release;
		};
/* End XCBuildConfiguration section */

/* Begin XCConfigurationList section */
		044177B7299B85BA0086F7DB /* Build configuration list for PBXProject "M4ASS14" */ = {
			isa = XCConfigurationList;
			buildConfigurations = (
				044177CE299B85BF0086F7DB /* Debug */,
				044177CF299B85BF0086F7DB /* Release */,
			);
			defaultConfigurationIsVisible = 0;
			defaultConfigurationName = Release;
		};
		044177D0299B85BF0086F7DB /* Build configuration list for PBXNativeTarget "M4ASS14" */ = {
			isa = XCConfigurationList;
			buildConfigurations = (
				044177D1299B85BF0086F7DB /* Debug */,
				044177D2299B85BF0086F7DB /* Release */,
			);
			defaultConfigurationIsVisible = 0;
			defaultConfigurationName = Release;
		};
/* End XCConfigurationList section */
	};
	rootObject = 044177B4299B85BA0086F7DB /* Project object */;
}
